
Microsoft Visual Studio Solution File, Format Version 12.00
# Visual Studio 15
VisualStudioVersion = 15.0.28307.572
MinimumVisualStudioVersion = 10.0.40219.1
Project("{FAE04EC0-301F-11D3-BF4B-00C04F79EFBC}") = "WebApplication1", "WebApplication1\WebApplication1.csproj", "{3CF9BE9D-32EB-4331-B7FA-3345C5C140D1}"
EndProject
Global
	GlobalSection(SolutionConfigurationPlatforms) = preSolution
		Debug|Any CPU = Debug|Any CPU
		Release|Any CPU = Release|Any CPU
	EndGlobalSection
	GlobalSection(ProjectConfigurationPlatforms) = postSolution
		{3CF9BE9D-32EB-4331-B7FA-3345C5C140D1}.Debug|Any CPU.ActiveCfg = Debug|Any CPU
		{3CF9BE9D-32EB-4331-B7FA-3345C5C140D1}.Debug|Any CPU.Build.0 = Debug|Any CPU
		{3CF9BE9D-32EB-4331-B7FA-3345C5C140D1}.Release|Any CPU.ActiveCfg = Release|Any CPU
		{3CF9BE9D-32EB-4331-B7FA-3345C5C140D1}.Release|Any CPU.Build.0 = Release|Any CPU
	EndGlobalSection
	GlobalSection(SolutionProperties) = preSolution
		HideSolutionNode = FALSE
	EndGlobalSection
	GlobalSection(ExtensibilityGlobals) = postSolution
		SolutionGuid = {DE225CC5-AB98-4F5A-AB75-B48A0646A02F}
	EndGlobalSection
EndGlobal
